// !$*UTF8*$!
{
	archiveVersion = 1;
	classes = {
	};
	objectVersion = 46;
	objects = {

/* Begin PBXBuildFile section */
		C0F5AAB81526D6F700AD810B /* UIKit.framework in Frameworks */ = {isa = PBXBuildFile; fileRef = C0F5AAB71526D6F700AD810B /* UIKit.framework */; };
		C0F5AABA1526D6F700AD810B /* Foundation.framework in Frameworks */ = {isa = PBXBuildFile; fileRef = C0F5AAB91526D6F700AD810B /* Foundation.framework */; };
		C0F5AABC1526D6F700AD810B /* CoreGraphics.framework in Frameworks */ = {isa = PBXBuildFile; fileRef = C0F5AABB1526D6F700AD810B /* CoreGraphics.framework */; };
		C0F5AAC21526D6F700AD810B /* InfoPlist.strings in Resources */ = {isa = PBXBuildFile; fileRef = C0F5AAC01526D6F700AD810B /* InfoPlist.strings */; };
		C0F5AAC41526D6F700AD810B /* main.m in Sources */ = {isa = PBXBuildFile; fileRef = C0F5AAC31526D6F700AD810B /* main.m */; };
		C0F5AAC81526D6F700AD810B /* AppDelegate.m in Sources */ = {isa = PBXBuildFile; fileRef = C0F5AAC71526D6F700AD810B /* AppDelegate.m */; };
		C0F5AACD1526D6F700AD810B /* first.png in Resources */ = {isa = PBXBuildFile; fileRef = C0F5AACC1526D6F700AD810B /* first.png */; };
		C0F5AACF1526D6F700AD810B /* first@2x.png in Resources */ = {isa = PBXBuildFile; fileRef = C0F5AACE1526D6F700AD810B /* first@2x.png */; };
		C0F5AAD21526D6F700AD810B /* SecondViewController.m in Sources */ = {isa = PBXBuildFile; fileRef = C0F5AAD11526D6F700AD810B /* SecondViewController.m */; };
		C0F5AAD41526D6F700AD810B /* second.png in Resources */ = {isa = PBXBuildFile; fileRef = C0F5AAD31526D6F700AD810B /* second.png */; };
		C0F5AAD61526D6F700AD810B /* second@2x.png in Resources */ = {isa = PBXBuildFile; fileRef = C0F5AAD51526D6F700AD810B /* second@2x.png */; };
		C0F5AADC1526D6F700AD810B /* SecondViewController.xib in Resources */ = {isa = PBXBuildFile; fileRef = C0F5AADA1526D6F700AD810B /* SecondViewController.xib */; };
		C0F5AAE41526D6F700AD810B /* SenTestingKit.framework in Frameworks */ = {isa = PBXBuildFile; fileRef = C0F5AAE31526D6F700AD810B /* SenTestingKit.framework */; };
		C0F5AAE51526D6F700AD810B /* UIKit.framework in Frameworks */ = {isa = PBXBuildFile; fileRef = C0F5AAB71526D6F700AD810B /* UIKit.framework */; };
		C0F5AAE61526D6F700AD810B /* Foundation.framework in Frameworks */ = {isa = PBXBuildFile; fileRef = C0F5AAB91526D6F700AD810B /* Foundation.framework */; };
		C0F5AAFD1526D93600AD810B /* FirstViewController.m in Sources */ = {isa = PBXBuildFile; fileRef = C0F5AAFB1526D93600AD810B /* FirstViewController.m */; };
		C0F5AAFE1526D93600AD810B /* FirstViewController.xib in Resources */ = {isa = PBXBuildFile; fileRef = C0F5AAFC1526D93600AD810B /* FirstViewController.xib */; };
		C0F5AB061526E50000AD810B /* Parse.framework in Frameworks */ = {isa = PBXBuildFile; fileRef = C0F5AB051526E50000AD810B /* Parse.framework */; };
		C0F5AB081526E53600AD810B /* AudioToolbox.framework in Frameworks */ = {isa = PBXBuildFile; fileRef = C0F5AB071526E53600AD810B /* AudioToolbox.framework */; };
		C0F5AB0A1526E53F00AD810B /* CFNetwork.framework in Frameworks */ = {isa = PBXBuildFile; fileRef = C0F5AB091526E53F00AD810B /* CFNetwork.framework */; };
		C0F5AB0C1526E54600AD810B /* SystemConfiguration.framework in Frameworks */ = {isa = PBXBuildFile; fileRef = C0F5AB0B1526E54600AD810B /* SystemConfiguration.framework */; };
		C0F5AB0E1526E54D00AD810B /* MobileCoreServices.framework in Frameworks */ = {isa = PBXBuildFile; fileRef = C0F5AB0D1526E54D00AD810B /* MobileCoreServices.framework */; };
		C0F5AB101526E55F00AD810B /* libz.1.1.3.dylib in Frameworks */ = {isa = PBXBuildFile; fileRef = C0F5AB0F1526E55F00AD810B /* libz.1.1.3.dylib */; };
		C0F5AB121526E56600AD810B /* Security.framework in Frameworks */ = {isa = PBXBuildFile; fileRef = C0F5AB111526E56600AD810B /* Security.framework */; };
		C0F5AB141526E56E00AD810B /* QuartzCore.framework in Frameworks */ = {isa = PBXBuildFile; fileRef = C0F5AB131526E56E00AD810B /* QuartzCore.framework */; };
/* End PBXBuildFile section */

/* Begin PBXContainerItemProxy section */
		C0F5AAE71526D6F700AD810B /* PBXContainerItemProxy */ = {
			isa = PBXContainerItemProxy;
			containerPortal = C0F5AAAA1526D6F700AD810B /* Project object */;
			proxyType = 1;
			remoteGlobalIDString = C0F5AAB21526D6F700AD810B;
			remoteInfo = ScoreFight;
		};
/* End PBXContainerItemProxy section */

/* Begin PBXFileReference section */
		C0F5AAB31526D6F700AD810B /* ScoreFight.app */ = {isa = PBXFileReference; explicitFileType = wrapper.application; includeInIndex = 0; path = ScoreFight.app; sourceTree = BUILT_PRODUCTS_DIR; };
		C0F5AAB71526D6F700AD810B /* UIKit.framework */ = {isa = PBXFileReference; lastKnownFileType = wrapper.framework; name = UIKit.framework; path = System/Library/Frameworks/UIKit.framework; sourceTree = SDKROOT; };
		C0F5AAB91526D6F700AD810B /* Foundation.framework */ = {isa = PBXFileReference; lastKnownFileType = wrapper.framework; name = Foundation.framework; path = System/Library/Frameworks/Foundation.framework; sourceTree = SDKROOT; };
		C0F5AABB1526D6F700AD810B /* CoreGraphics.framework */ = {isa = PBXFileReference; lastKnownFileType = wrapper.framework; name = CoreGraphics.framework; path = System/Library/Frameworks/CoreGraphics.framework; sourceTree = SDKROOT; };
		C0F5AABF1526D6F700AD810B /* ScoreFight-Info.plist */ = {isa = PBXFileReference; lastKnownFileType = text.plist.xml; path = "ScoreFight-Info.plist"; sourceTree = "<group>"; };
		C0F5AAC11526D6F700AD810B /* en */ = {isa = PBXFileReference; lastKnownFileType = text.plist.strings; name = en; path = en.lproj/InfoPlist.strings; sourceTree = "<group>"; };
		C0F5AAC31526D6F700AD810B /* main.m */ = {isa = PBXFileReference; lastKnownFileType = sourcecode.c.objc; path = main.m; sourceTree = "<group>"; };
		C0F5AAC51526D6F700AD810B /* ScoreFight-Prefix.pch */ = {isa = PBXFileReference; lastKnownFileType = sourcecode.c.h; path = "ScoreFight-Prefix.pch"; sourceTree = "<group>"; };
		C0F5AAC61526D6F700AD810B /* AppDelegate.h */ = {isa = PBXFileReference; lastKnownFileType = sourcecode.c.h; path = AppDelegate.h; sourceTree = "<group>"; };
		C0F5AAC71526D6F700AD810B /* AppDelegate.m */ = {isa = PBXFileReference; lastKnownFileType = sourcecode.c.objc; path = AppDelegate.m; sourceTree = "<group>"; };
		C0F5AACC1526D6F700AD810B /* first.png */ = {isa = PBXFileReference; lastKnownFileType = image.png; path = first.png; sourceTree = "<group>"; };
		C0F5AACE1526D6F700AD810B /* first@2x.png */ = {isa = PBXFileReference; lastKnownFileType = image.png; path = "first@2x.png"; sourceTree = "<group>"; };
		C0F5AAD01526D6F700AD810B /* SecondViewController.h */ = {isa = PBXFileReference; lastKnownFileType = sourcecode.c.h; path = SecondViewController.h; sourceTree = "<group>"; };
		C0F5AAD11526D6F700AD810B /* SecondViewController.m */ = {isa = PBXFileReference; lastKnownFileType = sourcecode.c.objc; path = SecondViewController.m; sourceTree = "<group>"; };
		C0F5AAD31526D6F700AD810B /* second.png */ = {isa = PBXFileReference; lastKnownFileType = image.png; path = second.png; sourceTree = "<group>"; };
		C0F5AAD51526D6F700AD810B /* second@2x.png */ = {isa = PBXFileReference; lastKnownFileType = image.png; path = "second@2x.png"; sourceTree = "<group>"; };
		C0F5AADB1526D6F700AD810B /* en */ = {isa = PBXFileReference; lastKnownFileType = file.xib; name = en; path = en.lproj/SecondViewController.xib; sourceTree = "<group>"; };
		C0F5AAE21526D6F700AD810B /* ScoreFightTests.octest */ = {isa = PBXFileReference; explicitFileType = wrapper.cfbundle; includeInIndex = 0; path = ScoreFightTests.octest; sourceTree = BUILT_PRODUCTS_DIR; };
		C0F5AAE31526D6F700AD810B /* SenTestingKit.framework */ = {isa = PBXFileReference; lastKnownFileType = wrapper.framework; name = SenTestingKit.framework; path = Library/Frameworks/SenTestingKit.framework; sourceTree = DEVELOPER_DIR; };
		C0F5AAFA1526D93600AD810B /* FirstViewController.h */ = {isa = PBXFileReference; fileEncoding = 4; lastKnownFileType = sourcecode.c.h; path = FirstViewController.h; sourceTree = "<group>"; };
		C0F5AAFB1526D93600AD810B /* FirstViewController.m */ = {isa = PBXFileReference; fileEncoding = 4; lastKnownFileType = sourcecode.c.objc; path = FirstViewController.m; sourceTree = "<group>"; };
		C0F5AAFC1526D93600AD810B /* FirstViewController.xib */ = {isa = PBXFileReference; fileEncoding = 4; lastKnownFileType = file.xib; path = FirstViewController.xib; sourceTree = "<group>"; };
		C0F5AB051526E50000AD810B /* Parse.framework */ = {isa = PBXFileReference; lastKnownFileType = wrapper.framework; path = Parse.framework; sourceTree = "<group>"; };
		C0F5AB071526E53600AD810B /* AudioToolbox.framework */ = {isa = PBXFileReference; lastKnownFileType = wrapper.framework; name = AudioToolbox.framework; path = System/Library/Frameworks/AudioToolbox.framework; sourceTree = SDKROOT; };
		C0F5AB091526E53F00AD810B /* CFNetwork.framework */ = {isa = PBXFileReference; lastKnownFileType = wrapper.framework; name = CFNetwork.framework; path = System/Library/Frameworks/CFNetwork.framework; sourceTree = SDKROOT; };
		C0F5AB0B1526E54600AD810B /* SystemConfiguration.framework */ = {isa = PBXFileReference; lastKnownFileType = wrapper.framework; name = SystemConfiguration.framework; path = System/Library/Frameworks/SystemConfiguration.framework; sourceTree = SDKROOT; };
		C0F5AB0D1526E54D00AD810B /* MobileCoreServices.framework */ = {isa = PBXFileReference; lastKnownFileType = wrapper.framework; name = MobileCoreServices.framework; path = System/Library/Frameworks/MobileCoreServices.framework; sourceTree = SDKROOT; };
		C0F5AB0F1526E55F00AD810B /* libz.1.1.3.dylib */ = {isa = PBXFileReference; lastKnownFileType = "compiled.mach-o.dylib"; name = libz.1.1.3.dylib; path = usr/lib/libz.1.1.3.dylib; sourceTree = SDKROOT; };
		C0F5AB111526E56600AD810B /* Security.framework */ = {isa = PBXFileReference; lastKnownFileType = wrapper.framework; name = Security.framework; path = System/Library/Frameworks/Security.framework; sourceTree = SDKROOT; };
		C0F5AB131526E56E00AD810B /* QuartzCore.framework */ = {isa = PBXFileReference; lastKnownFileType = wrapper.framework; name = QuartzCore.framework; path = System/Library/Frameworks/QuartzCore.framework; sourceTree = SDKROOT; };
/* End PBXFileReference section */

/* Begin PBXFrameworksBuildPhase section */
		C0F5AAB01526D6F700AD810B /* Frameworks */ = {
			isa = PBXFrameworksBuildPhase;
			buildActionMask = 2147483647;
			files = (
				C0F5AB141526E56E00AD810B /* QuartzCore.framework in Frameworks */,
				C0F5AB121526E56600AD810B /* Security.framework in Frameworks */,
				C0F5AB101526E55F00AD810B /* libz.1.1.3.dylib in Frameworks */,
				C0F5AABC1526D6F700AD810B /* CoreGraphics.framework in Frameworks */,
				C0F5AB0E1526E54D00AD810B /* MobileCoreServices.framework in Frameworks */,
				C0F5AB0C1526E54600AD810B /* SystemConfiguration.framework in Frameworks */,
				C0F5AB0A1526E53F00AD810B /* CFNetwork.framework in Frameworks */,
				C0F5AB081526E53600AD810B /* AudioToolbox.framework in Frameworks */,
				C0F5AAB81526D6F700AD810B /* UIKit.framework in Frameworks */,
				C0F5AABA1526D6F700AD810B /* Foundation.framework in Frameworks */,
				C0F5AB061526E50000AD810B /* Parse.framework in Frameworks */,
			);
			runOnlyForDeploymentPostprocessing = 0;
		};
		C0F5AADE1526D6F700AD810B /* Frameworks */ = {
			isa = PBXFrameworksBuildPhase;
			buildActionMask = 2147483647;
			files = (
				C0F5AAE41526D6F700AD810B /* SenTestingKit.framework in Frameworks */,
				C0F5AAE51526D6F700AD810B /* UIKit.framework in Frameworks */,
				C0F5AAE61526D6F700AD810B /* Foundation.framework in Frameworks */,
			);
			runOnlyForDeploymentPostprocessing = 0;
		};
/* End PBXFrameworksBuildPhase section */

/* Begin PBXGroup section */
		C0F5AAA81526D6F700AD810B = {
			isa = PBXGroup;
			children = (
				C0F5AB131526E56E00AD810B /* QuartzCore.framework */,
				C0F5AB111526E56600AD810B /* Security.framework */,
				C0F5AB0F1526E55F00AD810B /* libz.1.1.3.dylib */,
				C0F5AB0D1526E54D00AD810B /* MobileCoreServices.framework */,
				C0F5AB0B1526E54600AD810B /* SystemConfiguration.framework */,
				C0F5AB091526E53F00AD810B /* CFNetwork.framework */,
				C0F5AB071526E53600AD810B /* AudioToolbox.framework */,
				C0F5AABD1526D6F700AD810B /* ScoreFight */,
				C0F5AAB61526D6F700AD810B /* Frameworks */,
				C0F5AAB41526D6F700AD810B /* Products */,
			);
			sourceTree = "<group>";
		};
		C0F5AAB41526D6F700AD810B /* Products */ = {
			isa = PBXGroup;
			children = (
				C0F5AAB31526D6F700AD810B /* ScoreFight.app */,
				C0F5AAE21526D6F700AD810B /* ScoreFightTests.octest */,
			);
			name = Products;
			sourceTree = "<group>";
		};
		C0F5AAB61526D6F700AD810B /* Frameworks */ = {
			isa = PBXGroup;
			children = (
				C0F5AB051526E50000AD810B /* Parse.framework */,
				C0F5AAB71526D6F700AD810B /* UIKit.framework */,
				C0F5AAB91526D6F700AD810B /* Foundation.framework */,
				C0F5AABB1526D6F700AD810B /* CoreGraphics.framework */,
				C0F5AAE31526D6F700AD810B /* SenTestingKit.framework */,
			);
			name = Frameworks;
			sourceTree = "<group>";
		};
		C0F5AABD1526D6F700AD810B /* ScoreFight */ = {
			isa = PBXGroup;
			children = (
				C0F5AAC61526D6F700AD810B /* AppDelegate.h */,
				C0F5AAC71526D6F700AD810B /* AppDelegate.m */,
				C0F5AAFA1526D93600AD810B /* FirstViewController.h */,
				C0F5AAFB1526D93600AD810B /* FirstViewController.m */,
				C0F5AACC1526D6F700AD810B /* first.png */,
				C0F5AACE1526D6F700AD810B /* first@2x.png */,
				C0F5AAD01526D6F700AD810B /* SecondViewController.h */,
				C0F5AAD11526D6F700AD810B /* SecondViewController.m */,
				C0F5AAD31526D6F700AD810B /* second.png */,
				C0F5AAD51526D6F700AD810B /* second@2x.png */,
				C0F5AAFC1526D93600AD810B /* FirstViewController.xib */,
				C0F5AADA1526D6F700AD810B /* SecondViewController.xib */,
				C0F5AABE1526D6F700AD810B /* Supporting Files */,
			);
			path = ScoreFight;
			sourceTree = "<group>";
		};
		C0F5AABE1526D6F700AD810B /* Supporting Files */ = {
			isa = PBXGroup;
			children = (
				C0F5AABF1526D6F700AD810B /* ScoreFight-Info.plist */,
				C0F5AAC01526D6F700AD810B /* InfoPlist.strings */,
				C0F5AAC31526D6F700AD810B /* main.m */,
				C0F5AAC51526D6F700AD810B /* ScoreFight-Prefix.pch */,
			);
			name = "Supporting Files";
			sourceTree = "<group>";
		};
/* End PBXGroup section */

/* Begin PBXNativeTarget section */
		C0F5AAB21526D6F700AD810B /* ScoreFight */ = {
			isa = PBXNativeTarget;
			buildConfigurationList = C0F5AAF41526D6F800AD810B /* Build configuration list for PBXNativeTarget "ScoreFight" */;
			buildPhases = (
				C0F5AAAF1526D6F700AD810B /* Sources */,
				C0F5AAB01526D6F700AD810B /* Frameworks */,
				C0F5AAB11526D6F700AD810B /* Resources */,
			);
			buildRules = (
			);
			dependencies = (
			);
			name = ScoreFight;
			productName = ScoreFight;
			productReference = C0F5AAB31526D6F700AD810B /* ScoreFight.app */;
			productType = "com.apple.product-type.application";
		};
		C0F5AAE11526D6F700AD810B /* ScoreFightTests */ = {
			isa = PBXNativeTarget;
			buildConfigurationList = C0F5AAF71526D6F800AD810B /* Build configuration list for PBXNativeTarget "ScoreFightTests" */;
			buildPhases = (
				C0F5AADD1526D6F700AD810B /* Sources */,
				C0F5AADE1526D6F700AD810B /* Frameworks */,
				C0F5AADF1526D6F700AD810B /* Resources */,
				C0F5AAE01526D6F700AD810B /* ShellScript */,
			);
			buildRules = (
			);
			dependencies = (
				C0F5AAE81526D6F700AD810B /* PBXTargetDependency */,
			);
			name = ScoreFightTests;
			productName = ScoreFightTests;
			productReference = C0F5AAE21526D6F700AD810B /* ScoreFightTests.octest */;
			productType = "com.apple.product-type.bundle";
		};
/* End PBXNativeTarget section */

/* Begin PBXProject section */
		C0F5AAAA1526D6F700AD810B /* Project object */ = {
			isa = PBXProject;
			attributes = {
				LastUpgradeCheck = 0430;
			};
			buildConfigurationList = C0F5AAAD1526D6F700AD810B /* Build configuration list for PBXProject "ScoreFight" */;
			compatibilityVersion = "Xcode 3.2";
			developmentRegion = English;
			hasScannedForEncodings = 0;
			knownRegions = (
				en,
			);
			mainGroup = C0F5AAA81526D6F700AD810B;
			productRefGroup = C0F5AAB41526D6F700AD810B /* Products */;
			projectDirPath = "";
			projectRoot = "";
			targets = (
				C0F5AAB21526D6F700AD810B /* ScoreFight */,
				C0F5AAE11526D6F700AD810B /* ScoreFightTests */,
			);
		};
/* End PBXProject section */

/* Begin PBXResourcesBuildPhase section */
		C0F5AAB11526D6F700AD810B /* Resources */ = {
			isa = PBXResourcesBuildPhase;
			buildActionMask = 2147483647;
			files = (
				C0F5AAC21526D6F700AD810B /* InfoPlist.strings in Resources */,
				C0F5AACD1526D6F700AD810B /* first.png in Resources */,
				C0F5AACF1526D6F700AD810B /* first@2x.png in Resources */,
				C0F5AAD41526D6F700AD810B /* second.png in Resources */,
				C0F5AAD61526D6F700AD810B /* second@2x.png in Resources */,
				C0F5AADC1526D6F700AD810B /* SecondViewController.xib in Resources */,
				C0F5AAFE1526D93600AD810B /* FirstViewController.xib in Resources */,
			);
			runOnlyForDeploymentPostprocessing = 0;
		};
		C0F5AADF1526D6F700AD810B /* Resources */ = {
			isa = PBXResourcesBuildPhase;
			buildActionMask = 2147483647;
			files = (
			);
			runOnlyForDeploymentPostprocessing = 0;
		};
/* End PBXResourcesBuildPhase section */

/* Begin PBXShellScriptBuildPhase section */
		C0F5AAE01526D6F700AD810B /* ShellScript */ = {
			isa = PBXShellScriptBuildPhase;
			buildActionMask = 2147483647;
			files = (
			);
			inputPaths = (
			);
			outputPaths = (
			);
			runOnlyForDeploymentPostprocessing = 0;
			shellPath = /bin/sh;
			shellScript = "# Run the unit tests in this test bundle.\n\"${SYSTEM_DEVELOPER_DIR}/Tools/RunUnitTests\"\n";
		};
/* End PBXShellScriptBuildPhase section */

/* Begin PBXSourcesBuildPhase section */
		C0F5AAAF1526D6F700AD810B /* Sources */ = {
			isa = PBXSourcesBuildPhase;
			buildActionMask = 2147483647;
			files = (
				C0F5AAC41526D6F700AD810B /* main.m in Sources */,
				C0F5AAC81526D6F700AD810B /* AppDelegate.m in Sources */,
				C0F5AAD21526D6F700AD810B /* SecondViewController.m in Sources */,
				C0F5AAFD1526D93600AD810B /* FirstViewController.m in Sources */,
			);
			runOnlyForDeploymentPostprocessing = 0;
		};
		C0F5AADD1526D6F700AD810B /* Sources */ = {
			isa = PBXSourcesBuildPhase;
			buildActionMask = 2147483647;
			files = (
			);
			runOnlyForDeploymentPostprocessing = 0;
		};
/* End PBXSourcesBuildPhase section */

/* Begin PBXTargetDependency section */
		C0F5AAE81526D6F700AD810B /* PBXTargetDependency */ = {
			isa = PBXTargetDependency;
			target = C0F5AAB21526D6F700AD810B /* ScoreFight */;
			targetProxy = C0F5AAE71526D6F700AD810B /* PBXContainerItemProxy */;
		};
/* End PBXTargetDependency section */

/* Begin PBXVariantGroup section */
		C0F5AAC01526D6F700AD810B /* InfoPlist.strings */ = {
			isa = PBXVariantGroup;
			children = (
				C0F5AAC11526D6F700AD810B /* en */,
			);
			name = InfoPlist.strings;
			sourceTree = "<group>";
		};
		C0F5AADA1526D6F700AD810B /* SecondViewController.xib */ = {
			isa = PBXVariantGroup;
			children = (
				C0F5AADB1526D6F700AD810B /* en */,
			);
			name = SecondViewController.xib;
			sourceTree = "<group>";
		};
/* End PBXVariantGroup section */

/* Begin XCBuildConfiguration section */
		C0F5AAF21526D6F700AD810B /* Debug */ = {
			isa = XCBuildConfiguration;
			buildSettings = {
				ALWAYS_SEARCH_USER_PATHS = NO;
				ARCHS = "$(ARCHS_STANDARD_32_BIT)";
				CODE_SIGN_IDENTITY = "iPhone Developer: Takafumi Kawano (9F9E47E49N)";
				"CODE_SIGN_IDENTITY[sdk=iphoneos*]" = "iPhone Developer";
				COPY_PHASE_STRIP = NO;
				GCC_C_LANGUAGE_STANDARD = gnu99;
				GCC_DYNAMIC_NO_PIC = NO;
				GCC_OPTIMIZATION_LEVEL = 0;
				GCC_PREPROCESSOR_DEFINITIONS = (
					"DEBUG=1",
					"$(inherited)",
				);
				GCC_SYMBOLS_PRIVATE_EXTERN = NO;
				GCC_VERSION = com.apple.compilers.llvm.clang.1_0;
				GCC_WARN_ABOUT_RETURN_TYPE = YES;
				GCC_WARN_UNINITIALIZED_AUTOS = YES;
				GCC_WARN_UNUSED_VARIABLE = YES;
				IPHONEOS_DEPLOYMENT_TARGET = 5.1;
				PROVISIONING_PROFILE = "84D1F7B7-7880-48F8-9585-4986591FC1CA";
				SDKROOT = iphoneos;
			};
			name = Debug;
		};
		C0F5AAF31526D6F700AD810B /* Release */ = {
			isa = XCBuildConfiguration;
			buildSettings = {
				ALWAYS_SEARCH_USER_PATHS = NO;
				ARCHS = "$(ARCHS_STANDARD_32_BIT)";
				CODE_SIGN_IDENTITY = "iPhone Developer: Takafumi Kawano (9F9E47E49N)";
				"CODE_SIGN_IDENTITY[sdk=iphoneos*]" = "iPhone Developer";
				COPY_PHASE_STRIP = YES;
				GCC_C_LANGUAGE_STANDARD = gnu99;
				GCC_VERSION = com.apple.compilers.llvm.clang.1_0;
				GCC_WARN_ABOUT_RETURN_TYPE = YES;
				GCC_WARN_UNINITIALIZED_AUTOS = YES;
				GCC_WARN_UNUSED_VARIABLE = YES;
				IPHONEOS_DEPLOYMENT_TARGET = 5.1;
				OTHER_CFLAGS = "-DNS_BLOCK_ASSERTIONS=1";
				PROVISIONING_PROFILE = "84D1F7B7-7880-48F8-9585-4986591FC1CA";
				SDKROOT = iphoneos;
				VALIDATE_PRODUCT = YES;
			};
			name = Release;
		};
		C0F5AAF51526D6F800AD810B /* Debug */ = {
			isa = XCBuildConfiguration;
			buildSettings = {
				FRAMEWORK_SEARCH_PATHS = (
					"$(inherited)",
					"\"$(SRCROOT)/../../../Desktop\"",
					"\"$(SRCROOT)\"",
				);
				GCC_PRECOMPILE_PREFIX_HEADER = YES;
				GCC_PREFIX_HEADER = "ScoreFight/ScoreFight-Prefix.pch";
				INFOPLIST_FILE = "ScoreFight/ScoreFight-Info.plist";
				PRODUCT_NAME = "$(TARGET_NAME)";
				WRAPPER_EXTENSION = app;
			};
			name = Debug;
		};
		C0F5AAF61526D6F800AD810B /* Release */ = {
			isa = XCBuildConfiguration;
			buildSettings = {
				FRAMEWORK_SEARCH_PATHS = (
					"$(inherited)",
					"\"$(SRCROOT)/../../../Desktop\"",
					"\"$(SRCROOT)\"",
				);
				GCC_PRECOMPILE_PREFIX_HEADER = YES;
				GCC_PREFIX_HEADER = "ScoreFight/ScoreFight-Prefix.pch";
				INFOPLIST_FILE = "ScoreFight/ScoreFight-Info.plist";
				PRODUCT_NAME = "$(TARGET_NAME)";
				WRAPPER_EXTENSION = app;
			};
			name = Release;
		};
		C0F5AAF81526D6F800AD810B /* Debug */ = {
			isa = XCBuildConfiguration;
			buildSettings = {
				BUNDLE_LOADER = "$(BUILT_PRODUCTS_DIR)/ScoreFight.app/ScoreFight";
				FRAMEWORK_SEARCH_PATHS = (
					"$(SDKROOT)/Developer/Library/Frameworks",
					"$(DEVELOPER_LIBRARY_DIR)/Frameworks",
				);
				GCC_PRECOMPILE_PREFIX_HEADER = YES;
				GCC_PREFIX_HEADER = "ScoreFight/ScoreFight-Prefix.pch";
				INFOPLIST_FILE = "ScoreFightTests/ScoreFightTests-Info.plist";
				PRODUCT_NAME = "$(TARGET_NAME)";
				TEST_HOST = "$(BUNDLE_LOADER)";
				WRAPPER_EXTENSION = octest;
			};
			name = Debug;
		};
		C0F5AAF91526D6F800AD810B /* Release */ = {
			isa = XCBuildConfiguration;
			buildSettings = {
				BUNDLE_LOADER = "$(BUILT_PRODUCTS_DIR)/ScoreFight.app/ScoreFight";
				FRAMEWORK_SEARCH_PATHS = (
					"$(SDKROOT)/Developer/Library/Frameworks",
					"$(DEVELOPER_LIBRARY_DIR)/Frameworks",
				);
				GCC_PRECOMPILE_PREFIX_HEADER = YES;
				GCC_PREFIX_HEADER = "ScoreFight/ScoreFight-Prefix.pch";
				INFOPLIST_FILE = "ScoreFightTests/ScoreFightTests-Info.plist";
				PRODUCT_NAME = "$(TARGET_NAME)";
				TEST_HOST = "$(BUNDLE_LOADER)";
				WRAPPER_EXTENSION = octest;
			};
			name = Release;
		};
/* End XCBuildConfiguration section */

/* Begin XCConfigurationList section */
		C0F5AAAD1526D6F700AD810B /* Build configuration list for PBXProject "ScoreFight" */ = {
			isa = XCConfigurationList;
			buildConfigurations = (
				C0F5AAF21526D6F700AD810B /* Debug */,
				C0F5AAF31526D6F700AD810B /* Release */,
			);
			defaultConfigurationIsVisible = 0;
			defaultConfigurationName = Release;
		};
		C0F5AAF41526D6F800AD810B /* Build configuration list for PBXNativeTarget "ScoreFight" */ = {
			isa = XCConfigurationList;
			buildConfigurations = (
				C0F5AAF51526D6F800AD810B /* Debug */,
				C0F5AAF61526D6F800AD810B /* Release */,
			);
			defaultConfigurationIsVisible = 0;
		};
		C0F5AAF71526D6F800AD810B /* Build configuration list for PBXNativeTarget "ScoreFightTests" */ = {
			isa = XCConfigurationList;
			buildConfigurations = (
				C0F5AAF81526D6F800AD810B /* Debug */,
				C0F5AAF91526D6F800AD810B /* Release */,
			);
			defaultConfigurationIsVisible = 0;
		};
/* End XCConfigurationList section */
	};
	rootObject = C0F5AAAA1526D6F700AD810B /* Project object */;
}
